{
  "object": {
    "pins": [
      {
        "package": "CleverTapSDK",
        "repositoryURL": "https://github.com/CleverTap/clevertap-ios-sdk.git",
        "state": {
          "branch": null,
          "revision": "4326cc44d928b062a04ec770e20c318cc2699076",
          "version": "6.2.1"
        }
      },
      {
        "package": "Journify",
        "repositoryURL": "https://github.com/journifyio/journify-ios-sdk.git",
        "state": {
          "branch": null,
          "revision": "fe465ff7d4c1caa2e428e67feba21d5be5aa011a",
          "version": "0.1.4"
        }
      },
      {
        "package": "SDWebImage",
        "repositoryURL": "https://github.com/SDWebImage/SDWebImage.git",
        "state": {
          "branch": null,
          "revision": "be0bcd7823ce56629948491f2eaeaa19979514f7",
          "version": "5.19.4"
        }
      },
      {
        "package": "Sovran",
        "repositoryURL": "https://github.com/segmentio/Sovran-Swift.git",
        "state": {
          "branch": null,
          "revision": "24867f3e4ac62027db9827112135e6531b6f4051",
          "version": "1.1.2"
        }
      }
    ]
  },
  "version": 1
}
